
Microsoft Visual Studio Solution File, Format Version 12.00
# Visual Studio Version 17
VisualStudioVersion = 17.8.34330.188
MinimumVisualStudioVersion = 10.0.40219.1
Project("{9A19103F-16F7-4668-BE54-9A1E7A4F7556}") = "ProjectPizzaPortal", "ProjectPizzaPortal\ProjectPizzaPortal.csproj", "{F80D5C4A-4503-4E58-86C9-915A60AEEF80}"
EndProject
Project("{FAE04EC0-301F-11D3-BF4B-00C04F79EFBC}") = "PizzaLib", "PizzaLib\PizzaLib.csproj", "{0D26E4EE-98EA-4B58-944B-62D0DB77666B}"
EndProject
Project("{FAE04EC0-301F-11D3-BF4B-00C04F79EFBC}") = "SpecFlowProject2", "SpecFlowProject2\SpecFlowProject2.csproj", "{7620808E-2D4A-4F06-B26C-B47DFE682289}"
EndProject
Global
	GlobalSection(SolutionConfigurationPlatforms) = preSolution
		Debug|Any CPU = Debug|Any CPU
		Release|Any CPU = Release|Any CPU
	EndGlobalSection
	GlobalSection(ProjectConfigurationPlatforms) = postSolution
		{F80D5C4A-4503-4E58-86C9-915A60AEEF80}.Debug|Any CPU.ActiveCfg = Debug|Any CPU
		{F80D5C4A-4503-4E58-86C9-915A60AEEF80}.Debug|Any CPU.Build.0 = Debug|Any CPU
		{F80D5C4A-4503-4E58-86C9-915A60AEEF80}.Release|Any CPU.ActiveCfg = Release|Any CPU
		{F80D5C4A-4503-4E58-86C9-915A60AEEF80}.Release|Any CPU.Build.0 = Release|Any CPU
		{0D26E4EE-98EA-4B58-944B-62D0DB77666B}.Debug|Any CPU.ActiveCfg = Debug|Any CPU
		{0D26E4EE-98EA-4B58-944B-62D0DB77666B}.Debug|Any CPU.Build.0 = Debug|Any CPU
		{0D26E4EE-98EA-4B58-944B-62D0DB77666B}.Release|Any CPU.ActiveCfg = Release|Any CPU
		{0D26E4EE-98EA-4B58-944B-62D0DB77666B}.Release|Any CPU.Build.0 = Release|Any CPU
		{7620808E-2D4A-4F06-B26C-B47DFE682289}.Debug|Any CPU.ActiveCfg = Debug|Any CPU
		{7620808E-2D4A-4F06-B26C-B47DFE682289}.Debug|Any CPU.Build.0 = Debug|Any CPU
		{7620808E-2D4A-4F06-B26C-B47DFE682289}.Release|Any CPU.ActiveCfg = Release|Any CPU
		{7620808E-2D4A-4F06-B26C-B47DFE682289}.Release|Any CPU.Build.0 = Release|Any CPU
	EndGlobalSection
	GlobalSection(SolutionProperties) = preSolution
		HideSolutionNode = FALSE
	EndGlobalSection
	GlobalSection(ExtensibilityGlobals) = postSolution
		SolutionGuid = {49146E62-A5D2-4597-B7FF-A44CFCBA103A}
	EndGlobalSection
EndGlobal
